{
  "object": {
    "pins": [
      {
        "package": "xml2json",
        "repositoryURL": "https://github.com/wacumov/xml2json",
        "state": {
          "branch": null,
          "revision": "b2a8a6f9114a61c2a1c939c3ad4a6466c6f644b4",
          "version": "0.0.1"
        }
      }
    ]
  },
  "version": 1
}
